{
    "_meta": {
        "hash": {
            "sha256": "53ea36af9661bb57caaea8583353d05fb89d32c16c6b0a33a4c325a1bcdf4b80"
        },
        "pipfile-spec": 6,
        "requires": {
            "python_version": "3.7"
        },
        "sources": [
            {
                "name": "pypi",
                "url": "https://pypi.org/simple",
                "verify_ssl": true
            }
        ]
    },
    "default": {
        "colorama": {
            "hashes": [
                "sha256:7d73d2a99753107a36ac6b455ee49046802e59d9d076ef8e47b61499fa29afff",
                "sha256:e96da0d330793e2cb9485e9ddfd918d456036c7149416295932478192f4436a1"
            ],
            "markers": "sys_platform == 'win32'",
            "version": "==0.4.3"
        },
        "loguru": {
            "hashes": [
                "sha256:074b3caa6748452c1e4f2b302093c94b65d5a4c5a4d7743636b4121e06437b0e",
                "sha256:a6101fd435ac89ba5205a105a26a6ede9e4ddbb4408a6e167852efca47806d11"
            ],
            "index": "pypi",
            "version": "==0.4.1"
        },
        "pysimplegui": {
            "hashes": [
                "sha256:b20460293069a39ac70091ee3eb69b484f49aadee4190d2608e8eedb9ca90e24",
                "sha256:e3c34694d28001d8cf7954066496809d8f892f542386fc9f83ddf5f57a7d8664"
            ],
            "index": "pypi",
            "version": "==4.16.0"
        },
        "win32-setctime": {
            "hashes": [
                "sha256:568fd636c68350bcc54755213fe01966fe0a6c90b386c0776425944a0382abef",
                "sha256:b47e5023ec7f0b4962950902b15bc56464a380d869f59d27dbf9ab423b23e8f9"
            ],
            "markers": "sys_platform == 'win32'",
            "version": "==1.0.1"
        },
        "youtube-dl": {
            "hashes": [
                "sha256:3ba5a9258a33b537392f3dfd3f8868631c63a437d17524555922020ba19c4102",
                "sha256:b98d240c928a1bd0412b270ccf0d776aae5448672ea374e0af45f6daa3984009"
            ],
            "index": "pypi",
            "version": "==2020.2.16"
        }
    },
    "develop": {}
}
